
Microsoft Visual Studio Solution File, Format Version 12.00
# Visual Studio Version 16
VisualStudioVersion = 16.0.31112.23
MinimumVisualStudioVersion = 10.0.40219.1
Project("{FAE04EC0-301F-11D3-BF4B-00C04F79EFBC}") = "FormularioTarea", "FormularioTarea.csproj", "{63E4B03C-C3B2-42D6-8C60-1691A8B1A282}"
EndProject
Global
	GlobalSection(SolutionConfigurationPlatforms) = preSolution
		Debug|Any CPU = Debug|Any CPU
		Release|Any CPU = Release|Any CPU
	EndGlobalSection
	GlobalSection(ProjectConfigurationPlatforms) = postSolution
		{63E4B03C-C3B2-42D6-8C60-1691A8B1A282}.Debug|Any CPU.ActiveCfg = Debug|Any CPU
		{63E4B03C-C3B2-42D6-8C60-1691A8B1A282}.Debug|Any CPU.Build.0 = Debug|Any CPU
		{63E4B03C-C3B2-42D6-8C60-1691A8B1A282}.Release|Any CPU.ActiveCfg = Release|Any CPU
		{63E4B03C-C3B2-42D6-8C60-1691A8B1A282}.Release|Any CPU.Build.0 = Release|Any CPU
	EndGlobalSection
	GlobalSection(SolutionProperties) = preSolution
		HideSolutionNode = FALSE
	EndGlobalSection
	GlobalSection(ExtensibilityGlobals) = postSolution
		SolutionGuid = {4A62C099-2E83-4057-A9FB-D48F3F735F45}
	EndGlobalSection
EndGlobal
